
Microsoft Visual Studio Solution File, Format Version 12.00
# Visual Studio Version 16
VisualStudioVersion = 16.0.30204.135
MinimumVisualStudioVersion = 10.0.40219.1
Project("{FAE04EC0-301F-11D3-BF4B-00C04F79EFBC}") = "Crypto_Project", "Crypto_Project\Crypto_Project.csproj", "{66067CD1-5E3B-4EAD-9287-542226397E17}"
EndProject
Global
	GlobalSection(SolutionConfigurationPlatforms) = preSolution
		Debug|Any CPU = Debug|Any CPU
		Release|Any CPU = Release|Any CPU
	EndGlobalSection
	GlobalSection(ProjectConfigurationPlatforms) = postSolution
		{66067CD1-5E3B-4EAD-9287-542226397E17}.Debug|Any CPU.ActiveCfg = Debug|Any CPU
		{66067CD1-5E3B-4EAD-9287-542226397E17}.Debug|Any CPU.Build.0 = Debug|Any CPU
		{66067CD1-5E3B-4EAD-9287-542226397E17}.Release|Any CPU.ActiveCfg = Release|Any CPU
		{66067CD1-5E3B-4EAD-9287-542226397E17}.Release|Any CPU.Build.0 = Release|Any CPU
	EndGlobalSection
	GlobalSection(SolutionProperties) = preSolution
		HideSolutionNode = FALSE
	EndGlobalSection
	GlobalSection(ExtensibilityGlobals) = postSolution
		SolutionGuid = {D2C59C29-0869-42E5-B9CA-F057497AAE01}
	EndGlobalSection
EndGlobal
